<?xml version="1.0" encoding="utf-8"?>
<Project ToolsVersion="4.0" xmlns="http://schemas.microsoft.com/developer/msbuild/2003">
  <ItemGroup>
    <Filter Include="Source Files">
      <UniqueIdentifier>{bb7225b9-36ae-419a-99b1-1c5b279c9854}</UniqueIdentifier>
    </Filter>
    <Filter Include="Generated Files">
      <UniqueIdentifier>{bbc5a8b6-538a-4c30-9fcb-2fd2afaa7dda}</UniqueIdentifier>
      <SourceControlFiles>False</SourceControlFiles>
    </Filter>
  </ItemGroup>
  <ItemGroup>
    <None Include="FlashProtectorps.def" />
  </ItemGroup>
  <ItemGroup>
    <ClCompile Include="FlashProtector_i.c">
      <Filter>Generated Files</Filter>
    </ClCompile>
    <ClCompile Include="FlashProtector_p.c">
      <Filter>Generated Files</Filter>
    </ClCompile>
    <ClCompile Include="dlldata.c">
      <Filter>Generated Files</Filter>
    </ClCompile>
  </ItemGroup>
</Project>